// !$*UTF8*$!
{
	archiveVersion = 1;
	classes = {
	};
	objectVersion = 46;
	objects = {

/* Begin PBXBuildFile section */
		953A550A1B3B806F009C26CF /* main.m in Sources */ = {isa = PBXBuildFile; fileRef = 953A55091B3B806F009C26CF /* main.m */; };
		953A550D1B3B806F009C26CF /* AppDelegate.m in Sources */ = {isa = PBXBuildFile; fileRef = 953A550C1B3B806F009C26CF /* AppDelegate.m */; };
		953A55101B3B806F009C26CF /* ViewController.m in Sources */ = {isa = PBXBuildFile; fileRef = 953A550F1B3B806F009C26CF /* ViewController.m */; };
		953A55131B3B806F009C26CF /* Main.storyboard in Resources */ = {isa = PBXBuildFile; fileRef = 953A55111B3B806F009C26CF /* Main.storyboard */; };
		953A55151B3B806F009C26CF /* Images.xcassets in Resources */ = {isa = PBXBuildFile; fileRef = 953A55141B3B806F009C26CF /* Images.xcassets */; };
		953A55181B3B806F009C26CF /* LaunchScreen.xib in Resources */ = {isa = PBXBuildFile; fileRef = 953A55161B3B806F009C26CF /* LaunchScreen.xib */; };
		953A55241B3B8070009C26CF /* tmlz5d_p1Tests.m in Sources */ = {isa = PBXBuildFile; fileRef = 953A55231B3B8070009C26CF /* tmlz5d_p1Tests.m */; };
		953A552F1B3B809B009C26CF /* Person.m in Sources */ = {isa = PBXBuildFile; fileRef = 953A552E1B3B809B009C26CF /* Person.m */; };
		953A55321B3B80CD009C26CF /* Car.m in Sources */ = {isa = PBXBuildFile; fileRef = 953A55311B3B80CD009C26CF /* Car.m */; };
/* End PBXBuildFile section */

/* Begin PBXContainerItemProxy section */
		953A551E1B3B8070009C26CF /* PBXContainerItemProxy */ = {
			isa = PBXContainerItemProxy;
			containerPortal = 953A54FC1B3B806F009C26CF /* Project object */;
			proxyType = 1;
			remoteGlobalIDString = 953A55031B3B806F009C26CF;
			remoteInfo = tmlz5d_p1;
		};
/* End PBXContainerItemProxy section */

/* Begin PBXFileReference section */
		953A55041B3B806F009C26CF /* tmlz5d_p1.app */ = {isa = PBXFileReference; explicitFileType = wrapper.application; includeInIndex = 0; path = tmlz5d_p1.app; sourceTree = BUILT_PRODUCTS_DIR; };
		953A55081B3B806F009C26CF /* Info.plist */ = {isa = PBXFileReference; lastKnownFileType = text.plist.xml; path = Info.plist; sourceTree = "<group>"; };
		953A55091B3B806F009C26CF /* main.m */ = {isa = PBXFileReference; lastKnownFileType = sourcecode.c.objc; path = main.m; sourceTree = "<group>"; };
		953A550B1B3B806F009C26CF /* AppDelegate.h */ = {isa = PBXFileReference; lastKnownFileType = sourcecode.c.h; path = AppDelegate.h; sourceTree = "<group>"; };
		953A550C1B3B806F009C26CF /* AppDelegate.m */ = {isa = PBXFileReference; lastKnownFileType = sourcecode.c.objc; path = AppDelegate.m; sourceTree = "<group>"; };
		953A550E1B3B806F009C26CF /* ViewController.h */ = {isa = PBXFileReference; lastKnownFileType = sourcecode.c.h; path = ViewController.h; sourceTree = "<group>"; };
		953A550F1B3B806F009C26CF /* ViewController.m */ = {isa = PBXFileReference; lastKnownFileType = sourcecode.c.objc; path = ViewController.m; sourceTree = "<group>"; };
		953A55121B3B806F009C26CF /* Base */ = {isa = PBXFileReference; lastKnownFileType = file.storyboard; name = Base; path = Base.lproj/Main.storyboard; sourceTree = "<group>"; };
		953A55141B3B806F009C26CF /* Images.xcassets */ = {isa = PBXFileReference; lastKnownFileType = folder.assetcatalog; path = Images.xcassets; sourceTree = "<group>"; };
		953A55171B3B806F009C26CF /* Base */ = {isa = PBXFileReference; lastKnownFileType = file.xib; name = Base; path = Base.lproj/LaunchScreen.xib; sourceTree = "<group>"; };
		953A551D1B3B8070009C26CF /* tmlz5d_p1Tests.xctest */ = {isa = PBXFileReference; explicitFileType = wrapper.cfbundle; includeInIndex = 0; path = tmlz5d_p1Tests.xctest; sourceTree = BUILT_PRODUCTS_DIR; };
		953A55221B3B8070009C26CF /* Info.plist */ = {isa = PBXFileReference; lastKnownFileType = text.plist.xml; path = Info.plist; sourceTree = "<group>"; };
		953A55231B3B8070009C26CF /* tmlz5d_p1Tests.m */ = {isa = PBXFileReference; lastKnownFileType = sourcecode.c.objc; path = tmlz5d_p1Tests.m; sourceTree = "<group>"; };
		953A552D1B3B809B009C26CF /* Person.h */ = {isa = PBXFileReference; fileEncoding = 4; lastKnownFileType = sourcecode.c.h; path = Person.h; sourceTree = "<group>"; };
		953A552E1B3B809B009C26CF /* Person.m */ = {isa = PBXFileReference; fileEncoding = 4; lastKnownFileType = sourcecode.c.objc; path = Person.m; sourceTree = "<group>"; };
		953A55301B3B80CD009C26CF /* Car.h */ = {isa = PBXFileReference; fileEncoding = 4; lastKnownFileType = sourcecode.c.h; path = Car.h; sourceTree = "<group>"; };
		953A55311B3B80CD009C26CF /* Car.m */ = {isa = PBXFileReference; fileEncoding = 4; lastKnownFileType = sourcecode.c.objc; path = Car.m; sourceTree = "<group>"; };
/* End PBXFileReference section */

/* Begin PBXFrameworksBuildPhase section */
		953A55011B3B806F009C26CF /* Frameworks */ = {
			isa = PBXFrameworksBuildPhase;
			buildActionMask = 2147483647;
			files = (
			);
			runOnlyForDeploymentPostprocessing = 0;
		};
		953A551A1B3B8070009C26CF /* Frameworks */ = {
			isa = PBXFrameworksBuildPhase;
			buildActionMask = 2147483647;
			files = (
			);
			runOnlyForDeploymentPostprocessing = 0;
		};
/* End PBXFrameworksBuildPhase section */

/* Begin PBXGroup section */
		953A54FB1B3B806F009C26CF = {
			isa = PBXGroup;
			children = (
				953A55061B3B806F009C26CF /* tmlz5d_p1 */,
				953A55201B3B8070009C26CF /* tmlz5d_p1Tests */,
				953A55051B3B806F009C26CF /* Products */,
			);
			sourceTree = "<group>";
		};
		953A55051B3B806F009C26CF /* Products */ = {
			isa = PBXGroup;
			children = (
				953A55041B3B806F009C26CF /* tmlz5d_p1.app */,
				953A551D1B3B8070009C26CF /* tmlz5d_p1Tests.xctest */,
			);
			name = Products;
			sourceTree = "<group>";
		};
		953A55061B3B806F009C26CF /* tmlz5d_p1 */ = {
			isa = PBXGroup;
			children = (
				953A550B1B3B806F009C26CF /* AppDelegate.h */,
				953A550C1B3B806F009C26CF /* AppDelegate.m */,
				953A552D1B3B809B009C26CF /* Person.h */,
				953A552E1B3B809B009C26CF /* Person.m */,
				953A55301B3B80CD009C26CF /* Car.h */,
				953A55311B3B80CD009C26CF /* Car.m */,
				953A550E1B3B806F009C26CF /* ViewController.h */,
				953A550F1B3B806F009C26CF /* ViewController.m */,
				953A55111B3B806F009C26CF /* Main.storyboard */,
				953A55141B3B806F009C26CF /* Images.xcassets */,
				953A55161B3B806F009C26CF /* LaunchScreen.xib */,
				953A55071B3B806F009C26CF /* Supporting Files */,
			);
			path = tmlz5d_p1;
			sourceTree = "<group>";
		};
		953A55071B3B806F009C26CF /* Supporting Files */ = {
			isa = PBXGroup;
			children = (
				953A55081B3B806F009C26CF /* Info.plist */,
				953A55091B3B806F009C26CF /* main.m */,
			);
			name = "Supporting Files";
			sourceTree = "<group>";
		};
		953A55201B3B8070009C26CF /* tmlz5d_p1Tests */ = {
			isa = PBXGroup;
			children = (
				953A55231B3B8070009C26CF /* tmlz5d_p1Tests.m */,
				953A55211B3B8070009C26CF /* Supporting Files */,
			);
			path = tmlz5d_p1Tests;
			sourceTree = "<group>";
		};
		953A55211B3B8070009C26CF /* Supporting Files */ = {
			isa = PBXGroup;
			children = (
				953A55221B3B8070009C26CF /* Info.plist */,
			);
			name = "Supporting Files";
			sourceTree = "<group>";
		};
/* End PBXGroup section */

/* Begin PBXNativeTarget section */
		953A55031B3B806F009C26CF /* tmlz5d_p1 */ = {
			isa = PBXNativeTarget;
			buildConfigurationList = 953A55271B3B8070009C26CF /* Build configuration list for PBXNativeTarget "tmlz5d_p1" */;
			buildPhases = (
				953A55001B3B806F009C26CF /* Sources */,
				953A55011B3B806F009C26CF /* Frameworks */,
				953A55021B3B806F009C26CF /* Resources */,
			);
			buildRules = (
			);
			dependencies = (
			);
			name = tmlz5d_p1;
			productName = tmlz5d_p1;
			productReference = 953A55041B3B806F009C26CF /* tmlz5d_p1.app */;
			productType = "com.apple.product-type.application";
		};
		953A551C1B3B8070009C26CF /* tmlz5d_p1Tests */ = {
			isa = PBXNativeTarget;
			buildConfigurationList = 953A552A1B3B8070009C26CF /* Build configuration list for PBXNativeTarget "tmlz5d_p1Tests" */;
			buildPhases = (
				953A55191B3B8070009C26CF /* Sources */,
				953A551A1B3B8070009C26CF /* Frameworks */,
				953A551B1B3B8070009C26CF /* Resources */,
			);
			buildRules = (
			);
			dependencies = (
				953A551F1B3B8070009C26CF /* PBXTargetDependency */,
			);
			name = tmlz5d_p1Tests;
			productName = tmlz5d_p1Tests;
			productReference = 953A551D1B3B8070009C26CF /* tmlz5d_p1Tests.xctest */;
			productType = "com.apple.product-type.bundle.unit-test";
		};
/* End PBXNativeTarget section */

/* Begin PBXProject section */
		953A54FC1B3B806F009C26CF /* Project object */ = {
			isa = PBXProject;
			attributes = {
				LastUpgradeCheck = 0610;
				ORGANIZATIONNAME = "Lael, Tim M (UMSL-Student)";
				TargetAttributes = {
					953A55031B3B806F009C26CF = {
						CreatedOnToolsVersion = 6.1.1;
					};
					953A551C1B3B8070009C26CF = {
						CreatedOnToolsVersion = 6.1.1;
						TestTargetID = 953A55031B3B806F009C26CF;
					};
				};
			};
			buildConfigurationList = 953A54FF1B3B806F009C26CF /* Build configuration list for PBXProject "tmlz5d_p1" */;
			compatibilityVersion = "Xcode 3.2";
			developmentRegion = English;
			hasScannedForEncodings = 0;
			knownRegions = (
				en,
				Base,
			);
			mainGroup = 953A54FB1B3B806F009C26CF;
			productRefGroup = 953A55051B3B806F009C26CF /* Products */;
			projectDirPath = "";
			projectRoot = "";
			targets = (
				953A55031B3B806F009C26CF /* tmlz5d_p1 */,
				953A551C1B3B8070009C26CF /* tmlz5d_p1Tests */,
			);
		};
/* End PBXProject section */

/* Begin PBXResourcesBuildPhase section */
		953A55021B3B806F009C26CF /* Resources */ = {
			isa = PBXResourcesBuildPhase;
			buildActionMask = 2147483647;
			files = (
				953A55131B3B806F009C26CF /* Main.storyboard in Resources */,
				953A55181B3B806F009C26CF /* LaunchScreen.xib in Resources */,
				953A55151B3B806F009C26CF /* Images.xcassets in Resources */,
			);
			runOnlyForDeploymentPostprocessing = 0;
		};
		953A551B1B3B8070009C26CF /* Resources */ = {
			isa = PBXResourcesBuildPhase;
			buildActionMask = 2147483647;
			files = (
			);
			runOnlyForDeploymentPostprocessing = 0;
		};
/* End PBXResourcesBuildPhase section */

/* Begin PBXSourcesBuildPhase section */
		953A55001B3B806F009C26CF /* Sources */ = {
			isa = PBXSourcesBuildPhase;
			buildActionMask = 2147483647;
			files = (
				953A55321B3B80CD009C26CF /* Car.m in Sources */,
				953A55101B3B806F009C26CF /* ViewController.m in Sources */,
				953A550D1B3B806F009C26CF /* AppDelegate.m in Sources */,
				953A552F1B3B809B009C26CF /* Person.m in Sources */,
				953A550A1B3B806F009C26CF /* main.m in Sources */,
			);
			runOnlyForDeploymentPostprocessing = 0;
		};
		953A55191B3B8070009C26CF /* Sources */ = {
			isa = PBXSourcesBuildPhase;
			buildActionMask = 2147483647;
			files = (
				953A55241B3B8070009C26CF /* tmlz5d_p1Tests.m in Sources */,
			);
			runOnlyForDeploymentPostprocessing = 0;
		};
/* End PBXSourcesBuildPhase section */

/* Begin PBXTargetDependency section */
		953A551F1B3B8070009C26CF /* PBXTargetDependency */ = {
			isa = PBXTargetDependency;
			target = 953A55031B3B806F009C26CF /* tmlz5d_p1 */;
			targetProxy = 953A551E1B3B8070009C26CF /* PBXContainerItemProxy */;
		};
/* End PBXTargetDependency section */

/* Begin PBXVariantGroup section */
		953A55111B3B806F009C26CF /* Main.storyboard */ = {
			isa = PBXVariantGroup;
			children = (
				953A55121B3B806F009C26CF /* Base */,
			);
			name = Main.storyboard;
			sourceTree = "<group>";
		};
		953A55161B3B806F009C26CF /* LaunchScreen.xib */ = {
			isa = PBXVariantGroup;
			children = (
				953A55171B3B806F009C26CF /* Base */,
			);
			name = LaunchScreen.xib;
			sourceTree = "<group>";
		};
/* End PBXVariantGroup section */

/* Begin XCBuildConfiguration section */
		953A55251B3B8070009C26CF /* Debug */ = {
			isa = XCBuildConfiguration;
			buildSettings = {
				ALWAYS_SEARCH_USER_PATHS = NO;
				CLANG_CXX_LANGUAGE_STANDARD = "gnu++0x";
				CLANG_CXX_LIBRARY = "libc++";
				CLANG_ENABLE_MODULES = YES;
				CLANG_ENABLE_OBJC_ARC = YES;
				CLANG_WARN_BOOL_CONVERSION = YES;
				CLANG_WARN_CONSTANT_CONVERSION = YES;
				CLANG_WARN_DIRECT_OBJC_ISA_USAGE = YES_ERROR;
				CLANG_WARN_EMPTY_BODY = YES;
				CLANG_WARN_ENUM_CONVERSION = YES;
				CLANG_WARN_INT_CONVERSION = YES;
				CLANG_WARN_OBJC_ROOT_CLASS = YES_ERROR;
				CLANG_WARN_UNREACHABLE_CODE = YES;
				CLANG_WARN__DUPLICATE_METHOD_MATCH = YES;
				"CODE_SIGN_IDENTITY[sdk=iphoneos*]" = "iPhone Developer";
				COPY_PHASE_STRIP = NO;
				ENABLE_STRICT_OBJC_MSGSEND = YES;
				GCC_C_LANGUAGE_STANDARD = gnu99;
				GCC_DYNAMIC_NO_PIC = NO;
				GCC_OPTIMIZATION_LEVEL = 0;
				GCC_PREPROCESSOR_DEFINITIONS = (
					"DEBUG=1",
					"$(inherited)",
				);
				GCC_SYMBOLS_PRIVATE_EXTERN = NO;
				GCC_WARN_64_TO_32_BIT_CONVERSION = YES;
				GCC_WARN_ABOUT_RETURN_TYPE = YES_ERROR;
				GCC_WARN_UNDECLARED_SELECTOR = YES;
				GCC_WARN_UNINITIALIZED_AUTOS = YES_AGGRESSIVE;
				GCC_WARN_UNUSED_FUNCTION = YES;
				GCC_WARN_UNUSED_VARIABLE = YES;
				IPHONEOS_DEPLOYMENT_TARGET = 8.1;
				MTL_ENABLE_DEBUG_INFO = YES;
				ONLY_ACTIVE_ARCH = YES;
				SDKROOT = iphoneos;
			};
			name = Debug;
		};
		953A55261B3B8070009C26CF /* Release */ = {
			isa = XCBuildConfiguration;
			buildSettings = {
				ALWAYS_SEARCH_USER_PATHS = NO;
				CLANG_CXX_LANGUAGE_STANDARD = "gnu++0x";
				CLANG_CXX_LIBRARY = "libc++";
				CLANG_ENABLE_MODULES = YES;
				CLANG_ENABLE_OBJC_ARC = YES;
				CLANG_WARN_BOOL_CONVERSION = YES;
				CLANG_WARN_CONSTANT_CONVERSION = YES;
				CLANG_WARN_DIRECT_OBJC_ISA_USAGE = YES_ERROR;
				CLANG_WARN_EMPTY_BODY = YES;
				CLANG_WARN_ENUM_CONVERSION = YES;
				CLANG_WARN_INT_CONVERSION = YES;
				CLANG_WARN_OBJC_ROOT_CLASS = YES_ERROR;
				CLANG_WARN_UNREACHABLE_CODE = YES;
				CLANG_WARN__DUPLICATE_METHOD_MATCH = YES;
				"CODE_SIGN_IDENTITY[sdk=iphoneos*]" = "iPhone Developer";
				COPY_PHASE_STRIP = YES;
				ENABLE_NS_ASSERTIONS = NO;
				ENABLE_STRICT_OBJC_MSGSEND = YES;
				GCC_C_LANGUAGE_STANDARD = gnu99;
				GCC_WARN_64_TO_32_BIT_CONVERSION = YES;
				GCC_WARN_ABOUT_RETURN_TYPE = YES_ERROR;
				GCC_WARN_UNDECLARED_SELECTOR = YES;
				GCC_WARN_UNINITIALIZED_AUTOS = YES_AGGRESSIVE;
				GCC_WARN_UNUSED_FUNCTION = YES;
				GCC_WARN_UNUSED_VARIABLE = YES;
				IPHONEOS_DEPLOYMENT_TARGET = 8.1;
				MTL_ENABLE_DEBUG_INFO = NO;
				SDKROOT = iphoneos;
				VALIDATE_PRODUCT = YES;
			};
			name = Release;
		};
		953A55281B3B8070009C26CF /* Debug */ = {
			isa = XCBuildConfiguration;
			buildSettings = {
				ASSETCATALOG_COMPILER_APPICON_NAME = AppIcon;
				INFOPLIST_FILE = tmlz5d_p1/Info.plist;
				LD_RUNPATH_SEARCH_PATHS = "$(inherited) @executable_path/Frameworks";
				PRODUCT_NAME = "$(TARGET_NAME)";
			};
			name = Debug;
		};
		953A55291B3B8070009C26CF /* Release */ = {
			isa = XCBuildConfiguration;
			buildSettings = {
				ASSETCATALOG_COMPILER_APPICON_NAME = AppIcon;
				INFOPLIST_FILE = tmlz5d_p1/Info.plist;
				LD_RUNPATH_SEARCH_PATHS = "$(inherited) @executable_path/Frameworks";
				PRODUCT_NAME = "$(TARGET_NAME)";
			};
			name = Release;
		};
		953A552B1B3B8070009C26CF /* Debug */ = {
			isa = XCBuildConfiguration;
			buildSettings = {
				BUNDLE_LOADER = "$(TEST_HOST)";
				FRAMEWORK_SEARCH_PATHS = (
					"$(SDKROOT)/Developer/Library/Frameworks",
					"$(inherited)",
				);
				GCC_PREPROCESSOR_DEFINITIONS = (
					"DEBUG=1",
					"$(inherited)",
				);
				INFOPLIST_FILE = tmlz5d_p1Tests/Info.plist;
				LD_RUNPATH_SEARCH_PATHS = "$(inherited) @executable_path/Frameworks @loader_path/Frameworks";
				PRODUCT_NAME = "$(TARGET_NAME)";
				TEST_HOST = "$(BUILT_PRODUCTS_DIR)/tmlz5d_p1.app/tmlz5d_p1";
			};
			name = Debug;
		};
		953A552C1B3B8070009C26CF /* Release */ = {
			isa = XCBuildConfiguration;
			buildSettings = {
				BUNDLE_LOADER = "$(TEST_HOST)";
				FRAMEWORK_SEARCH_PATHS = (
					"$(SDKROOT)/Developer/Library/Frameworks",
					"$(inherited)",
				);
				INFOPLIST_FILE = tmlz5d_p1Tests/Info.plist;
				LD_RUNPATH_SEARCH_PATHS = "$(inherited) @executable_path/Frameworks @loader_path/Frameworks";
				PRODUCT_NAME = "$(TARGET_NAME)";
				TEST_HOST = "$(BUILT_PRODUCTS_DIR)/tmlz5d_p1.app/tmlz5d_p1";
			};
			name = Release;
		};
/* End XCBuildConfiguration section */

/* Begin XCConfigurationList section */
		953A54FF1B3B806F009C26CF /* Build configuration list for PBXProject "tmlz5d_p1" */ = {
			isa = XCConfigurationList;
			buildConfigurations = (
				953A55251B3B8070009C26CF /* Debug */,
				953A55261B3B8070009C26CF /* Release */,
			);
			defaultConfigurationIsVisible = 0;
			defaultConfigurationName = Release;
		};
		953A55271B3B8070009C26CF /* Build configuration list for PBXNativeTarget "tmlz5d_p1" */ = {
			isa = XCConfigurationList;
			buildConfigurations = (
				953A55281B3B8070009C26CF /* Debug */,
				953A55291B3B8070009C26CF /* Release */,
			);
			defaultConfigurationIsVisible = 0;
		};
		953A552A1B3B8070009C26CF /* Build configuration list for PBXNativeTarget "tmlz5d_p1Tests" */ = {
			isa = XCConfigurationList;
			buildConfigurations = (
				953A552B1B3B8070009C26CF /* Debug */,
				953A552C1B3B8070009C26CF /* Release */,
			);
			defaultConfigurationIsVisible = 0;
		};
/* End XCConfigurationList section */
	};
	rootObject = 953A54FC1B3B806F009C26CF /* Project object */;
}
